
Microsoft Visual Studio Solution File, Format Version 12.00
# Visual Studio Version 17
VisualStudioVersion = 17.8.34309.116
MinimumVisualStudioVersion = 10.0.40219.1
Project("{FAE04EC0-301F-11D3-BF4B-00C04F79EFBC}") = "TiVerse", "TiVerse\TiVerse.csproj", "{D067B586-DB52-481E-BB27-0D49FDBDDD4B}"
EndProject
Global
	GlobalSection(SolutionConfigurationPlatforms) = preSolution
		Debug|Any CPU = Debug|Any CPU
		Release|Any CPU = Release|Any CPU
	EndGlobalSection
	GlobalSection(ProjectConfigurationPlatforms) = postSolution
		{D067B586-DB52-481E-BB27-0D49FDBDDD4B}.Debug|Any CPU.ActiveCfg = Debug|Any CPU
		{D067B586-DB52-481E-BB27-0D49FDBDDD4B}.Debug|Any CPU.Build.0 = Debug|Any CPU
		{D067B586-DB52-481E-BB27-0D49FDBDDD4B}.Release|Any CPU.ActiveCfg = Release|Any CPU
		{D067B586-DB52-481E-BB27-0D49FDBDDD4B}.Release|Any CPU.Build.0 = Release|Any CPU
	EndGlobalSection
	GlobalSection(SolutionProperties) = preSolution
		HideSolutionNode = FALSE
	EndGlobalSection
	GlobalSection(ExtensibilityGlobals) = postSolution
		SolutionGuid = {E85051B9-9CD4-44B5-9F27-7DB3D2F094A0}
	EndGlobalSection
EndGlobal
